
Microsoft Visual Studio Solution File, Format Version 12.00
# Visual Studio Version 17
VisualStudioVersion = 17.3.32825.248
MinimumVisualStudioVersion = 10.0.40219.1
Project("{FAE04EC0-301F-11D3-BF4B-00C04F79EFBC}") = "CadastroPessoaAPI", "CadastroPessoaAPI\CadastroPessoaAPI.csproj", "{B4C3506A-7A39-4FB7-AB98-B468B6397C2D}"
EndProject
Global
	GlobalSection(SolutionConfigurationPlatforms) = preSolution
		Debug|Any CPU = Debug|Any CPU
		Release|Any CPU = Release|Any CPU
	EndGlobalSection
	GlobalSection(ProjectConfigurationPlatforms) = postSolution
		{B4C3506A-7A39-4FB7-AB98-B468B6397C2D}.Debug|Any CPU.ActiveCfg = Debug|Any CPU
		{B4C3506A-7A39-4FB7-AB98-B468B6397C2D}.Debug|Any CPU.Build.0 = Debug|Any CPU
		{B4C3506A-7A39-4FB7-AB98-B468B6397C2D}.Release|Any CPU.ActiveCfg = Release|Any CPU
		{B4C3506A-7A39-4FB7-AB98-B468B6397C2D}.Release|Any CPU.Build.0 = Release|Any CPU
	EndGlobalSection
	GlobalSection(SolutionProperties) = preSolution
		HideSolutionNode = FALSE
	EndGlobalSection
	GlobalSection(ExtensibilityGlobals) = postSolution
		SolutionGuid = {4CA26B1F-7540-476C-8496-6695DC6572E1}
	EndGlobalSection
EndGlobal
